{
  "name": "ableton",
  "version": "1.0.0",
  "lockfileVersion": 1,
  "requires": true,
  "dependencies": {
    "bindings": {
      "version": "1.2.1",
      "resolved": "https://registry.npmjs.org/bindings/-/bindings-1.2.1.tgz",
      "integrity": "sha1-FK1hE4EtLTfXLme0ystLtyZQXxE="
    },
    "binpack": {
      "version": "0.1.0",
      "resolved": "https://registry.npmjs.org/binpack/-/binpack-0.1.0.tgz",
      "integrity": "sha1-vT0JdMPyoERuF99PYLVacqIFqX4="
    },
    "bluebird": {
      "version": "2.11.0",
      "resolved": "https://registry.npmjs.org/bluebird/-/bluebird-2.11.0.tgz",
      "integrity": "sha1-U0uQM8AiyVecVro7Plpcqvu2UOE="
    },
    "easymidi": {
      "version": "0.0.4",
      "requires": {
        "midi": "^0.9.1"
      }
    },
    "jazz-midi": {
      "version": "1.6.2",
      "resolved": "https://registry.npmjs.org/jazz-midi/-/jazz-midi-1.6.2.tgz",
      "integrity": "sha512-T2Yh4dwo5W16l1PvjtfOzA6UAbabMZO0frfgeiBrepac9KZlGm9Zq7yZOlRQ66yXZyZsSlNlp8KdpGZrJtSE2g=="
    },
    "jzz": {
      "version": "0.4.9",
      "resolved": "https://registry.npmjs.org/jzz/-/jzz-0.4.9.tgz",
      "integrity": "sha512-imIi8WqQi/c/wZ9euN79Cb2Umun/0D8+yBkDcJbAIWUxpr9oWH6wPt53+GclDrHL/A2lAvzGSRvDU1x5/hKk8Q==",
      "requires": {
        "jazz-midi": "^1.6.2"
      }
    },
    "max4node": {
      "version": "0.1.2",
      "requires": {
        "bluebird": "^2.6.4",
        "osc-min": "^0.2.0"
      }
    },
    "midi": {
      "version": "0.9.5",
      "resolved": "https://registry.npmjs.org/midi/-/midi-0.9.5.tgz",
      "integrity": "sha1-/DI6/z6BsNQJnK7q1TW6Z5xunYg=",
      "requires": {
        "bindings": "~1.2.1",
        "nan": "^2.3.3"
      }
    },
    "nan": {
      "version": "2.10.0",
      "resolved": "https://registry.npmjs.org/nan/-/nan-2.10.0.tgz",
      "integrity": "sha512-bAdJv7fBLhWC+/Bls0Oza+mvTaNQtP+1RyhhhvD95pgUJz6XM5IzgmxOkItJ9tkoCiplvAnXI1tNmmUD/eScyA=="
    },
    "osc-min": {
      "version": "0.2.0",
      "resolved": "https://registry.npmjs.org/osc-min/-/osc-min-0.2.0.tgz",
      "integrity": "sha1-sIZNYxlJojs5CjEzSvrFLIn29HM=",
      "requires": {
        "binpack": "~0"
      }
    },
    "push-wrapper": {
      "version": "2.1.2"
    }
  }
}
