# THIS IS AN AUTOGENERATED FILE. DO NOT EDIT THIS FILE DIRECTLY.
# yarn lockfile v1


axios@~0.15.3:
  version "0.15.3"
  resolved "https://registry.yarnpkg.com/axios/-/axios-0.15.3.tgz#2c9d638b2e191a08ea1d6cc988eadd6ba5bdc053"
  dependencies:
    follow-redirects "1.0.0"

binpack@~0:
  version "0.1.0"
  resolved "https://registry.yarnpkg.com/binpack/-/binpack-0.1.0.tgz#bd3d0974c3f2a0446e17df4f60b55a72a205a97e"

bluebird@^2.6.4:
  version "2.11.0"
  resolved "https://registry.yarnpkg.com/bluebird/-/bluebird-2.11.0.tgz#534b9033c022c9579c56ba3b3e5a5caafbb650e1"

debug@^2.2.0:
  version "2.6.9"
  resolved "https://registry.yarnpkg.com/debug/-/debug-2.6.9.tgz#5d128515df134ff327e90a4c93f4e077a536341f"
  dependencies:
    ms "2.0.0"

deep-equal@^1.0.1:
  version "1.0.1"
  resolved "https://registry.yarnpkg.com/deep-equal/-/deep-equal-1.0.1.tgz#f5d260292b660e084eff4cdbc9f08ad3247448b5"

deep-extend@~0.4.0:
  version "0.4.2"
  resolved "https://registry.yarnpkg.com/deep-extend/-/deep-extend-0.4.2.tgz#48b699c27e334bf89f10892be432f6e4c7d34a7f"

follow-redirects@1.0.0:
  version "1.0.0"
  resolved "https://registry.yarnpkg.com/follow-redirects/-/follow-redirects-1.0.0.tgz#8e34298cbd2e176f254effec75a1c78cc849fd37"
  dependencies:
    debug "^2.2.0"

jazz-midi@^1.6.2:
  version "1.6.2"
  resolved "https://registry.yarnpkg.com/jazz-midi/-/jazz-midi-1.6.2.tgz#c628d474da8dd9b6e455d0f4fd6d3d729fcb353f"

jzz@^0.4.9:
  version "0.4.9"
  resolved "https://registry.yarnpkg.com/jzz/-/jzz-0.4.9.tgz#b19e45a11ef949b3f7ca8a4e4bc12407e9229ee6"
  dependencies:
    jazz-midi "^1.6.2"

lodash@^4.17.10:
  version "4.17.10"
  resolved "https://registry.yarnpkg.com/lodash/-/lodash-4.17.10.tgz#1b7793cf7259ea38fb3661d4d38b3260af8ae4e7"

max4node@^0.1.2:
  version "0.1.2"
  resolved "https://registry.yarnpkg.com/max4node/-/max4node-0.1.2.tgz#2dfc61185782fb7cdf4510c36e603769c27f6c71"
  dependencies:
    bluebird "^2.6.4"
    osc-min "^0.2.0"

ms@2.0.0:
  version "2.0.0"
  resolved "https://registry.yarnpkg.com/ms/-/ms-2.0.0.tgz#5608aeadfc00be6c2901df5f9861788de0d597c8"

node-hue-api@^2.4.2:
  version "2.4.2"
  resolved "https://registry.yarnpkg.com/node-hue-api/-/node-hue-api-2.4.2.tgz#f721aba415a6c4a8d0b4c2af0ab36939f0ab5cb7"
  dependencies:
    axios "~0.15.3"
    deep-extend "~0.4.0"
    q "~1.4"
    traits "~0.4.0"
    xml2js "~0.4"

osc-min@^0.2.0:
  version "0.2.0"
  resolved "https://registry.yarnpkg.com/osc-min/-/osc-min-0.2.0.tgz#b0864d631949a23b390a31334afac52c89f6f473"
  dependencies:
    binpack "~0"

push-wrapper@^2.1.2:
  version "2.1.2"
  resolved "https://registry.yarnpkg.com/push-wrapper/-/push-wrapper-2.1.2.tgz#1a4055737b95be67a1c4da26a96bce4a93437345"

q@~1.4:
  version "1.4.1"
  resolved "https://registry.yarnpkg.com/q/-/q-1.4.1.tgz#55705bcd93c5f3673530c2c2cbc0c2b3addc286e"

sax@>=0.6.0:
  version "1.2.4"
  resolved "https://registry.yarnpkg.com/sax/-/sax-1.2.4.tgz#2816234e2378bddc4e5354fab5caa895df7100d9"

traits@~0.4.0:
  version "0.4.0"
  resolved "https://registry.yarnpkg.com/traits/-/traits-0.4.0.tgz#416edcabdc8bf64bd29102a7453dcddd857371a1"

xml2js@~0.4:
  version "0.4.19"
  resolved "https://registry.yarnpkg.com/xml2js/-/xml2js-0.4.19.tgz#686c20f213209e94abf0d1bcf1efaa291c7827a7"
  dependencies:
    sax ">=0.6.0"
    xmlbuilder "~9.0.1"

xmlbuilder@~9.0.1:
  version "9.0.7"
  resolved "https://registry.yarnpkg.com/xmlbuilder/-/xmlbuilder-9.0.7.tgz#132ee63d2ec5565c557e20f4c22df9aca686b10d"
